
Microsoft Visual Studio Solution File, Format Version 12.00
# Visual Studio Version 17
VisualStudioVersion = 17.9.34902.65
MinimumVisualStudioVersion = 10.0.40219.1
Project("{FAE04EC0-301F-11D3-BF4B-00C04F79EFBC}") = "JewelJam", "JewelJam.csproj", "{FD9369B9-6390-4A1A-9A7C-C7C6702963B9}"
EndProject
Global
	GlobalSection(SolutionConfigurationPlatforms) = preSolution
		Debug|Any CPU = Debug|Any CPU
		Release|Any CPU = Release|Any CPU
	EndGlobalSection
	GlobalSection(ProjectConfigurationPlatforms) = postSolution
		{FD9369B9-6390-4A1A-9A7C-C7C6702963B9}.Debug|Any CPU.ActiveCfg = Debug|Any CPU
		{FD9369B9-6390-4A1A-9A7C-C7C6702963B9}.Debug|Any CPU.Build.0 = Debug|Any CPU
		{FD9369B9-6390-4A1A-9A7C-C7C6702963B9}.Release|Any CPU.ActiveCfg = Release|Any CPU
		{FD9369B9-6390-4A1A-9A7C-C7C6702963B9}.Release|Any CPU.Build.0 = Release|Any CPU
	EndGlobalSection
	GlobalSection(SolutionProperties) = preSolution
		HideSolutionNode = FALSE
	EndGlobalSection
	GlobalSection(ExtensibilityGlobals) = postSolution
		SolutionGuid = {CD9FBBF4-B4F2-4831-BF23-CA2AED5177F7}
	EndGlobalSection
EndGlobal
